
Microsoft Visual Studio Solution File, Format Version 12.00
# Visual Studio Version 16
VisualStudioVersion = 16.0.30413.136
MinimumVisualStudioVersion = 10.0.40219.1
Project("{2150E333-8FDC-42A3-9474-1A3956D46DE8}") = "src", "src", "{A38C6521-E3D9-4946-B852-DD1B38DAD591}"
EndProject
Project("{FAE04EC0-301F-11D3-BF4B-00C04F79EFBC}") = "TestActionsApi.Web", "TestActionsApi.Web\TestActionsApi.Web.csproj", "{FC4A1148-1C3C-4081-BEE1-3831E76E11C1}"
EndProject
Global
	GlobalSection(SolutionConfigurationPlatforms) = preSolution
		Debug|Any CPU = Debug|Any CPU
		Release|Any CPU = Release|Any CPU
	EndGlobalSection
	GlobalSection(ProjectConfigurationPlatforms) = postSolution
		{FC4A1148-1C3C-4081-BEE1-3831E76E11C1}.Debug|Any CPU.ActiveCfg = Debug|Any CPU
		{FC4A1148-1C3C-4081-BEE1-3831E76E11C1}.Debug|Any CPU.Build.0 = Debug|Any CPU
		{FC4A1148-1C3C-4081-BEE1-3831E76E11C1}.Release|Any CPU.ActiveCfg = Release|Any CPU
		{FC4A1148-1C3C-4081-BEE1-3831E76E11C1}.Release|Any CPU.Build.0 = Release|Any CPU
	EndGlobalSection
	GlobalSection(SolutionProperties) = preSolution
		HideSolutionNode = FALSE
	EndGlobalSection
	GlobalSection(NestedProjects) = preSolution
		{FC4A1148-1C3C-4081-BEE1-3831E76E11C1} = {A38C6521-E3D9-4946-B852-DD1B38DAD591}
	EndGlobalSection
	GlobalSection(ExtensibilityGlobals) = postSolution
		SolutionGuid = {C5E26CF1-5B74-44EA-A9EB-C82933C23013}
	EndGlobalSection
EndGlobal
